
Microsoft Visual Studio Solution File, Format Version 12.00
# Visual Studio 2013
VisualStudioVersion = 12.0.30723.0
MinimumVisualStudioVersion = 10.0.40219.1
Project("{FAE04EC0-301F-11D3-BF4B-00C04F79EFBC}") = "WpfApplication13", "WpfApplication13\WpfApplication13.csproj", "{F52052E0-A631-4CA7-8B6B-296B846FBD2E}"
EndProject
Global
	GlobalSection(SolutionConfigurationPlatforms) = preSolution
		Debug|Any CPU = Debug|Any CPU
		Release|Any CPU = Release|Any CPU
	EndGlobalSection
	GlobalSection(ProjectConfigurationPlatforms) = postSolution
		{F52052E0-A631-4CA7-8B6B-296B846FBD2E}.Debug|Any CPU.ActiveCfg = Debug|Any CPU
		{F52052E0-A631-4CA7-8B6B-296B846FBD2E}.Debug|Any CPU.Build.0 = Debug|Any CPU
		{F52052E0-A631-4CA7-8B6B-296B846FBD2E}.Release|Any CPU.ActiveCfg = Release|Any CPU
		{F52052E0-A631-4CA7-8B6B-296B846FBD2E}.Release|Any CPU.Build.0 = Release|Any CPU
	EndGlobalSection
	GlobalSection(SolutionProperties) = preSolution
		HideSolutionNode = FALSE
	EndGlobalSection
EndGlobal
